
Microsoft Visual Studio Solution File, Format Version 12.00
# Visual Studio 14
VisualStudioVersion = 14.0.25420.1
MinimumVisualStudioVersion = 10.0.40219.1
Project("{FAE04EC0-301F-11D3-BF4B-00C04F79EFBC}") = "SpaUserControl.Domain", "SpaUserControl.Domain\SpaUserControl.Domain.csproj", "{432F9D02-5BB4-4ACB-ABB2-33C425DE9183}"
EndProject
Project("{FAE04EC0-301F-11D3-BF4B-00C04F79EFBC}") = "SpaUserControl.Common", "SpaUserControl.Common\SpaUserControl.Common.csproj", "{BDB9B61E-80A6-4999-95C7-6B8B28CBB65E}"
EndProject
Project("{FAE04EC0-301F-11D3-BF4B-00C04F79EFBC}") = "SpaUserControl.Infraestructure", "SpaUserControl.Infraestructure\SpaUserControl.Infraestructure.csproj", "{6077BFCA-5C58-4114-95D2-7249977D148A}"
EndProject
Project("{FAE04EC0-301F-11D3-BF4B-00C04F79EFBC}") = "ConsoleApplication1", "ConsoleApplication1\ConsoleApplication1.csproj", "{760C9675-A0C7-4ABD-95DC-ECBD1C99540C}"
EndProject
Project("{FAE04EC0-301F-11D3-BF4B-00C04F79EFBC}") = "SpaUserControl.Startup", "SpaUserControl.Startup\SpaUserControl.Startup.csproj", "{F69EBFFF-BA44-4D25-A47B-E0142A6A82A9}"
EndProject
Global
	GlobalSection(SolutionConfigurationPlatforms) = preSolution
		Debug|Any CPU = Debug|Any CPU
		Release|Any CPU = Release|Any CPU
	EndGlobalSection
	GlobalSection(ProjectConfigurationPlatforms) = postSolution
		{432F9D02-5BB4-4ACB-ABB2-33C425DE9183}.Debug|Any CPU.ActiveCfg = Debug|Any CPU
		{432F9D02-5BB4-4ACB-ABB2-33C425DE9183}.Debug|Any CPU.Build.0 = Debug|Any CPU
		{432F9D02-5BB4-4ACB-ABB2-33C425DE9183}.Release|Any CPU.ActiveCfg = Release|Any CPU
		{432F9D02-5BB4-4ACB-ABB2-33C425DE9183}.Release|Any CPU.Build.0 = Release|Any CPU
		{BDB9B61E-80A6-4999-95C7-6B8B28CBB65E}.Debug|Any CPU.ActiveCfg = Debug|Any CPU
		{BDB9B61E-80A6-4999-95C7-6B8B28CBB65E}.Debug|Any CPU.Build.0 = Debug|Any CPU
		{BDB9B61E-80A6-4999-95C7-6B8B28CBB65E}.Release|Any CPU.ActiveCfg = Release|Any CPU
		{BDB9B61E-80A6-4999-95C7-6B8B28CBB65E}.Release|Any CPU.Build.0 = Release|Any CPU
		{6077BFCA-5C58-4114-95D2-7249977D148A}.Debug|Any CPU.ActiveCfg = Debug|Any CPU
		{6077BFCA-5C58-4114-95D2-7249977D148A}.Debug|Any CPU.Build.0 = Debug|Any CPU
		{6077BFCA-5C58-4114-95D2-7249977D148A}.Release|Any CPU.ActiveCfg = Release|Any CPU
		{6077BFCA-5C58-4114-95D2-7249977D148A}.Release|Any CPU.Build.0 = Release|Any CPU
		{760C9675-A0C7-4ABD-95DC-ECBD1C99540C}.Debug|Any CPU.ActiveCfg = Debug|Any CPU
		{760C9675-A0C7-4ABD-95DC-ECBD1C99540C}.Debug|Any CPU.Build.0 = Debug|Any CPU
		{760C9675-A0C7-4ABD-95DC-ECBD1C99540C}.Release|Any CPU.ActiveCfg = Release|Any CPU
		{760C9675-A0C7-4ABD-95DC-ECBD1C99540C}.Release|Any CPU.Build.0 = Release|Any CPU
		{F69EBFFF-BA44-4D25-A47B-E0142A6A82A9}.Debug|Any CPU.ActiveCfg = Debug|Any CPU
		{F69EBFFF-BA44-4D25-A47B-E0142A6A82A9}.Debug|Any CPU.Build.0 = Debug|Any CPU
		{F69EBFFF-BA44-4D25-A47B-E0142A6A82A9}.Release|Any CPU.ActiveCfg = Release|Any CPU
		{F69EBFFF-BA44-4D25-A47B-E0142A6A82A9}.Release|Any CPU.Build.0 = Release|Any CPU
	EndGlobalSection
	GlobalSection(SolutionProperties) = preSolution
		HideSolutionNode = FALSE
	EndGlobalSection
EndGlobal
